
Microsoft Visual Studio Solution File, Format Version 12.00
# Visual Studio Version 17
VisualStudioVersion = 17.13.35913.81 d17.13
MinimumVisualStudioVersion = 10.0.40219.1
Project("{FAE04EC0-301F-11D3-BF4B-00C04F79EFBC}") = "Question1", "Question1\Question1.csproj", "{6787AFDC-426A-44E0-B5F1-DB5274F94824}"
EndProject
Global
	GlobalSection(SolutionConfigurationPlatforms) = preSolution
		Debug|Any CPU = Debug|Any CPU
		Release|Any CPU = Release|Any CPU
	EndGlobalSection
	GlobalSection(ProjectConfigurationPlatforms) = postSolution
		{6787AFDC-426A-44E0-B5F1-DB5274F94824}.Debug|Any CPU.ActiveCfg = Debug|Any CPU
		{6787AFDC-426A-44E0-B5F1-DB5274F94824}.Debug|Any CPU.Build.0 = Debug|Any CPU
		{6787AFDC-426A-44E0-B5F1-DB5274F94824}.Release|Any CPU.ActiveCfg = Release|Any CPU
		{6787AFDC-426A-44E0-B5F1-DB5274F94824}.Release|Any CPU.Build.0 = Release|Any CPU
	EndGlobalSection
	GlobalSection(SolutionProperties) = preSolution
		HideSolutionNode = FALSE
	EndGlobalSection
	GlobalSection(ExtensibilityGlobals) = postSolution
		SolutionGuid = {D48DFF63-D823-4091-92F2-FEAE479D0FDB}
	EndGlobalSection
EndGlobal
